
Microsoft Visual Studio Solution File, Format Version 12.00
# Visual Studio Version 17
VisualStudioVersion = 17.13.35931.197 d17.13
MinimumVisualStudioVersion = 10.0.40219.1
Project("{FAE04EC0-301F-11D3-BF4B-00C04F79EFBC}") = "LaboratorioEstudos.API", "LaboratorioEstudos.API.csproj", "{207016B1-DAFC-4868-85F2-61BD46CBDEF6}"
EndProject
Global
	GlobalSection(SolutionConfigurationPlatforms) = preSolution
		Debug|Any CPU = Debug|Any CPU
		Release|Any CPU = Release|Any CPU
	EndGlobalSection
	GlobalSection(ProjectConfigurationPlatforms) = postSolution
		{207016B1-DAFC-4868-85F2-61BD46CBDEF6}.Debug|Any CPU.ActiveCfg = Debug|Any CPU
		{207016B1-DAFC-4868-85F2-61BD46CBDEF6}.Debug|Any CPU.Build.0 = Debug|Any CPU
		{207016B1-DAFC-4868-85F2-61BD46CBDEF6}.Release|Any CPU.ActiveCfg = Release|Any CPU
		{207016B1-DAFC-4868-85F2-61BD46CBDEF6}.Release|Any CPU.Build.0 = Release|Any CPU
	EndGlobalSection
	GlobalSection(SolutionProperties) = preSolution
		HideSolutionNode = FALSE
	EndGlobalSection
	GlobalSection(ExtensibilityGlobals) = postSolution
		SolutionGuid = {4A1DC983-2287-4FE1-9432-BF3581B9A31E}
	EndGlobalSection
EndGlobal
